{
  "name": "ts",
  "lockfileVersion": 3,
  "requires": true,
  "packages": {
    "": {
      "dependencies": {
        "@faker-js/faker": "^8.1.0",
        "@types/google.maps": "^3.54.2"
      },
      "devDependencies": {
        "typescript": "^5.2.2"
      }
    },
    "node_modules/@faker-js/faker": {
      "version": "8.1.0",
      "resolved": "https://registry.npmjs.org/@faker-js/faker/-/faker-8.1.0.tgz",
      "integrity": "sha512-38DT60rumHfBYynif3lmtxMqMqmsOQIxQgEuPZxCk2yUYN0eqWpTACgxi0VpidvsJB8CRxCpvP7B3anK85FjtQ==",
      "funding": [
        {
          "type": "opencollective",
          "url": "https://opencollective.com/fakerjs"
        }
      ],
      "engines": {
        "node": "^14.17.0 || ^16.13.0 || >=18.0.0",
        "npm": ">=6.14.13"
      }
    },
    "node_modules/@types/google.maps": {
      "version": "3.54.2",
      "resolved": "https://registry.npmjs.org/@types/google.maps/-/google.maps-3.54.2.tgz",
      "integrity": "sha512-H75MGIauIsmBNeSSk3MNUxU0dcdipMnoUwXLtmtqvKTNfEJYZGKeJG22kt4VCRpZ0nQEPNqXS3mnDshzIbRdZw=="
    },
    "node_modules/typescript": {
      "version": "5.2.2",
      "resolved": "https://registry.npmjs.org/typescript/-/typescript-5.2.2.tgz",
      "integrity": "sha512-mI4WrpHsbCIcwT9cF4FZvr80QUeKvsUsUvKDoR+X/7XHQH98xYD8YHZg7ANtz2GtZt/CBq2QJ0thkGJMHfqc1w==",
      "dev": true,
      "bin": {
        "tsc": "bin/tsc",
        "tsserver": "bin/tsserver"
      },
      "engines": {
        "node": ">=14.17"
      }
    }
  }
}
